lockfileVersion: '9.0'

settings:
  autoInstallPeers: true
  excludeLinksFromLockfile: false

importers:

  .:
    devDependencies:
      '@preact/signals-core':
        specifier: ^1.14.1
        version: 1.14.1

packages:

  '@preact/signals-core@1.14.1':
    resolution: {integrity: sha512-vxPpfXqrwUe9lpjqfYNjAF/0RF/eFGeLgdJzdmIIZjpOnTmGmAB4BjWone562mJGMRP4frU6iZ6ei3PDsu52Ng==}

snapshots:

  '@preact/signals-core@1.14.1': {}
